
Microsoft Visual Studio Solution File, Format Version 12.00
# Visual Studio Version 17
VisualStudioVersion = 17.9.34728.123
MinimumVisualStudioVersion = 10.0.40219.1
Project("{FAE04EC0-301F-11D3-BF4B-00C04F79EFBC}") = "Ispit.Model", "Ispit.Model\Ispit.Model.csproj", "{36EA44BE-6B84-4748-BAB2-2CD6C71A061F}"
EndProject
Project("{FAE04EC0-301F-11D3-BF4B-00C04F79EFBC}") = "Ispit.Konzola", "Ispit.Konzola\Ispit.Konzola.csproj", "{FC882467-D2FA-42FC-9E23-7E6D5EBDFF34}"
EndProject
Global
	GlobalSection(SolutionConfigurationPlatforms) = preSolution
		Debug|Any CPU = Debug|Any CPU
		Release|Any CPU = Release|Any CPU
	EndGlobalSection
	GlobalSection(ProjectConfigurationPlatforms) = postSolution
		{36EA44BE-6B84-4748-BAB2-2CD6C71A061F}.Debug|Any CPU.ActiveCfg = Debug|Any CPU
		{36EA44BE-6B84-4748-BAB2-2CD6C71A061F}.Debug|Any CPU.Build.0 = Debug|Any CPU
		{36EA44BE-6B84-4748-BAB2-2CD6C71A061F}.Release|Any CPU.ActiveCfg = Release|Any CPU
		{36EA44BE-6B84-4748-BAB2-2CD6C71A061F}.Release|Any CPU.Build.0 = Release|Any CPU
		{FC882467-D2FA-42FC-9E23-7E6D5EBDFF34}.Debug|Any CPU.ActiveCfg = Debug|Any CPU
		{FC882467-D2FA-42FC-9E23-7E6D5EBDFF34}.Debug|Any CPU.Build.0 = Debug|Any CPU
		{FC882467-D2FA-42FC-9E23-7E6D5EBDFF34}.Release|Any CPU.ActiveCfg = Release|Any CPU
		{FC882467-D2FA-42FC-9E23-7E6D5EBDFF34}.Release|Any CPU.Build.0 = Release|Any CPU
	EndGlobalSection
	GlobalSection(SolutionProperties) = preSolution
		HideSolutionNode = FALSE
	EndGlobalSection
	GlobalSection(ExtensibilityGlobals) = postSolution
		SolutionGuid = {3B9EA283-7354-4311-B7EA-1866C6EA11E3}
	EndGlobalSection
EndGlobal
